# Generated by Simple Package Manager
# Do not edit manually

lockfile_version: 1
generated: 2026-02-03T00:00:00Z

packages |name, version, source, checksum, deps|
  src/compiler, [rust, src/std], registry, sha256:0000000000000000000000000000000000000000000000000000000000000000, []
  src/lib, [rust, src/std], registry, sha256:0000000000000000000000000000000000000000000000000000000000000000, []
  src/app, [rust, src/compiler, src/std, src/lib], registry, sha256:0000000000000000000000000000000000000000000000000000000000000000, []
  test, [rust, src/compiler, src/app, src/std, src/lib], registry, sha256:0000000000000000000000000000000000000000000000000000000000000000, []
