schema=simple-riscv-zca-oracle-v2
status=generated
qualification=false
evidence_scope=classification-only
canonical_expansion=false
exhaustive_equivalence=false
simple_classifier_comparison=not-run
comparison_reason=canonical-simple-classifier-api-unavailable
oracle_repository=https://github.com/riscv/sail-riscv.git
oracle_revision=a33475aeb80090127433b5a8b30e717edaa19e71
oracle_archive_sha256=665822b80f1f0ad2dd33709673a5fb92980ea051d9f977d50c70d587d2f0cdc8
oracle_zca_source_sha256=b6dee98f5fa917dfcf37452f3f475eefd59215f949c21dda541c54f14a5de039
adapter_sha256=6bc0904e24c40b0711fe60c0b19f9e8fd88dc73e2e2389bc27c44a04b73a4170
generator_sha256=2e524e8c0edaca21ea5172dffa145105ef7c05a82a6d95f6cb426081e3bf0705
rv32_prelude_sha256=9c16ed44a09104b430037361d4b607d576254bf235dbb9d62702d6605e7c6f77
rv64_prelude_sha256=93e4cef081a61cc2b664fc8f59c270a825f6def8dfbcb29ce92a66ad7b861e12
postlude_sha256=b08813952f7122f5c50efa96076df22e81e6579c0f22d95529a32217c0f4ff0d
rv32_fixture_sha256=cbd91ae7a744252ae472b77a2f69ec27f9b415442a4bc9a64333038bddb28265
rv64_fixture_sha256=ad3af51398a180ed9afffd7f07cfbab6a36e8eff4605dadbd7545f933621a311
